
Microsoft Visual Studio Solution File, Format Version 12.00
# Visual Studio Version 17
VisualStudioVersion = 17.5.002.0
MinimumVisualStudioVersion = 10.0.40219.1
Project("{9A19103F-16F7-4668-BE54-9A1E7A4F7556}") = "MyApplication", "MyApplication.csproj", "{DE159D7A-668E-4535-884E-8D20C391310A}"
EndProject
Global
	GlobalSection(SolutionConfigurationPlatforms) = preSolution
		Debug|Any CPU = Debug|Any CPU
		Release|Any CPU = Release|Any CPU
	EndGlobalSection
	GlobalSection(ProjectConfigurationPlatforms) = postSolution
		{DE159D7A-668E-4535-884E-8D20C391310A}.Debug|Any CPU.ActiveCfg = Debug|Any CPU
		{DE159D7A-668E-4535-884E-8D20C391310A}.Debug|Any CPU.Build.0 = Debug|Any CPU
		{DE159D7A-668E-4535-884E-8D20C391310A}.Release|Any CPU.ActiveCfg = Release|Any CPU
		{DE159D7A-668E-4535-884E-8D20C391310A}.Release|Any CPU.Build.0 = Release|Any CPU
	EndGlobalSection
	GlobalSection(SolutionProperties) = preSolution
		HideSolutionNode = FALSE
	EndGlobalSection
	GlobalSection(ExtensibilityGlobals) = postSolution
		SolutionGuid = {B276E3D1-C317-49EF-BAC4-3747106A3F0E}
	EndGlobalSection
EndGlobal
